// !$*UTF8*$!
{
	archiveVersion = 1;
	classes = {
	};
	objectVersion = 50;
	objects = {

/* Begin PBXBuildFile section */
		2959714D21EDBB2F00BDF6BB /* AppDelegate.swift in Sources */ = {isa = PBXBuildFile; fileRef = 2959714C21EDBB2F00BDF6BB /* AppDelegate.swift */; };
		2959714F21EDBB2F00BDF6BB /* CodeViewController.swift in Sources */ = {isa = PBXBuildFile; fileRef = 2959714E21EDBB2F00BDF6BB /* CodeViewController.swift */; };
		2959715221EDBB2F00BDF6BB /* Main.storyboard in Resources */ = {isa = PBXBuildFile; fileRef = 2959715021EDBB2F00BDF6BB /* Main.storyboard */; };
		2959715421EDBB3000BDF6BB /* Assets.xcassets in Resources */ = {isa = PBXBuildFile; fileRef = 2959715321EDBB3000BDF6BB /* Assets.xcassets */; };
		2959715721EDBB3000BDF6BB /* LaunchScreen.storyboard in Resources */ = {isa = PBXBuildFile; fileRef = 2959715521EDBB3000BDF6BB /* LaunchScreen.storyboard */; };
		2959716021EDC21900BDF6BB /* index.html in Resources */ = {isa = PBXBuildFile; fileRef = 2959715F21EDC21900BDF6BB /* index.html */; };
		295971CC21EDC51600BDF6BB /* github.css in Resources */ = {isa = PBXBuildFile; fileRef = 2959716F21EDC51600BDF6BB /* github.css */; };
		295971CD21EDC51600BDF6BB /* grayscale.css in Resources */ = {isa = PBXBuildFile; fileRef = 2959717021EDC51600BDF6BB /* grayscale.css */; };
		295971DA21EDC51600BDF6BB /* nord.css in Resources */ = {isa = PBXBuildFile; fileRef = 2959717D21EDC51600BDF6BB /* nord.css */; };
		295971DB21EDC51600BDF6BB /* color-brewer.css in Resources */ = {isa = PBXBuildFile; fileRef = 2959717E21EDC51600BDF6BB /* color-brewer.css */; };
		295971E321EDC51600BDF6BB /* xcode.css in Resources */ = {isa = PBXBuildFile; fileRef = 2959718621EDC51600BDF6BB /* xcode.css */; };
		295971E621EDC51600BDF6BB /* darcula.css in Resources */ = {isa = PBXBuildFile; fileRef = 2959718921EDC51600BDF6BB /* darcula.css */; };
		295971EE21EDC51600BDF6BB /* solarized-light.css in Resources */ = {isa = PBXBuildFile; fileRef = 2959719121EDC51600BDF6BB /* solarized-light.css */; };
		295971EF21EDC51600BDF6BB /* idea.css in Resources */ = {isa = PBXBuildFile; fileRef = 2959719221EDC51600BDF6BB /* idea.css */; };
		295971FB21EDC51600BDF6BB /* ocean.css in Resources */ = {isa = PBXBuildFile; fileRef = 2959719E21EDC51600BDF6BB /* ocean.css */; };
		295971FE21EDC51600BDF6BB /* default.css in Resources */ = {isa = PBXBuildFile; fileRef = 295971A121EDC51600BDF6BB /* default.css */; };
		2959720A21EDC51600BDF6BB /* rainbow.css in Resources */ = {isa = PBXBuildFile; fileRef = 295971AD21EDC51600BDF6BB /* rainbow.css */; };
		2959721F21EDC51600BDF6BB /* highlight.pack.js in Resources */ = {isa = PBXBuildFile; fileRef = 295971C221EDC51600BDF6BB /* highlight.pack.js */; };
		2959722121EDCCB900BDF6BB /* index.js in Resources */ = {isa = PBXBuildFile; fileRef = 2959722021EDCCB900BDF6BB /* index.js */; };
		2959722321EDCDB100BDF6BB /* index.css in Resources */ = {isa = PBXBuildFile; fileRef = 2959722221EDCDB100BDF6BB /* index.css */; };
		2959722921EDD2A700BDF6BB /* solarized-dark.css in Resources */ = {isa = PBXBuildFile; fileRef = 2959722821EDD2A700BDF6BB /* solarized-dark.css */; };
		2959722B21EE587700BDF6BB /* Convenience.swift in Sources */ = {isa = PBXBuildFile; fileRef = 2959722A21EE587700BDF6BB /* Convenience.swift */; };
		2959722D21EE680300BDF6BB /* SplitCodeViewController.swift in Sources */ = {isa = PBXBuildFile; fileRef = 2959722C21EE680300BDF6BB /* SplitCodeViewController.swift */; };
/* End PBXBuildFile section */

/* Begin PBXFileReference section */
		2959714921EDBB2F00BDF6BB /* codereview.app */ = {isa = PBXFileReference; explicitFileType = wrapper.application; includeInIndex = 0; path = codereview.app; sourceTree = BUILT_PRODUCTS_DIR; };
		2959714C21EDBB2F00BDF6BB /* AppDelegate.swift */ = {isa = PBXFileReference; lastKnownFileType = sourcecode.swift; path = AppDelegate.swift; sourceTree = "<group>"; };
		2959714E21EDBB2F00BDF6BB /* CodeViewController.swift */ = {isa = PBXFileReference; lastKnownFileType = sourcecode.swift; path = CodeViewController.swift; sourceTree = "<group>"; };
		2959715121EDBB2F00BDF6BB /* Base */ = {isa = PBXFileReference; lastKnownFileType = file.storyboard; name = Base; path = Base.lproj/Main.storyboard; sourceTree = "<group>"; };
		2959715321EDBB3000BDF6BB /* Assets.xcassets */ = {isa = PBXFileReference; lastKnownFileType = folder.assetcatalog; path = Assets.xcassets; sourceTree = "<group>"; };
		2959715621EDBB3000BDF6BB /* Base */ = {isa = PBXFileReference; lastKnownFileType = file.storyboard; name = Base; path = Base.lproj/LaunchScreen.storyboard; sourceTree = "<group>"; };
		2959715821EDBB3000BDF6BB /* Info.plist */ = {isa = PBXFileReference; lastKnownFileType = text.plist.xml; path = Info.plist; sourceTree = "<group>"; };
		2959715F21EDC21900BDF6BB /* index.html */ = {isa = PBXFileReference; lastKnownFileType = text.html; path = index.html; sourceTree = "<group>"; };
		2959716F21EDC51600BDF6BB /* github.css */ = {isa = PBXFileReference; fileEncoding = 4; lastKnownFileType = text.css; path = github.css; sourceTree = "<group>"; };
		2959717021EDC51600BDF6BB /* grayscale.css */ = {isa = PBXFileReference; fileEncoding = 4; lastKnownFileType = text.css; path = grayscale.css; sourceTree = "<group>"; };
		2959717D21EDC51600BDF6BB /* nord.css */ = {isa = PBXFileReference; fileEncoding = 4; lastKnownFileType = text.css; path = nord.css; sourceTree = "<group>"; };
		2959717E21EDC51600BDF6BB /* color-brewer.css */ = {isa = PBXFileReference; fileEncoding = 4; lastKnownFileType = text.css; path = "color-brewer.css"; sourceTree = "<group>"; };
		2959718621EDC51600BDF6BB /* xcode.css */ = {isa = PBXFileReference; fileEncoding = 4; lastKnownFileType = text.css; path = xcode.css; sourceTree = "<group>"; };
		2959718921EDC51600BDF6BB /* darcula.css */ = {isa = PBXFileReference; fileEncoding = 4; lastKnownFileType = text.css; path = darcula.css; sourceTree = "<group>"; };
		2959719121EDC51600BDF6BB /* solarized-light.css */ = {isa = PBXFileReference; fileEncoding = 4; lastKnownFileType = text.css; path = "solarized-light.css"; sourceTree = "<group>"; };
		2959719221EDC51600BDF6BB /* idea.css */ = {isa = PBXFileReference; fileEncoding = 4; lastKnownFileType = text.css; path = idea.css; sourceTree = "<group>"; };
		2959719E21EDC51600BDF6BB /* ocean.css */ = {isa = PBXFileReference; fileEncoding = 4; lastKnownFileType = text.css; path = ocean.css; sourceTree = "<group>"; };
		295971A121EDC51600BDF6BB /* default.css */ = {isa = PBXFileReference; fileEncoding = 4; lastKnownFileType = text.css; path = default.css; sourceTree = "<group>"; };
		295971AD21EDC51600BDF6BB /* rainbow.css */ = {isa = PBXFileReference; fileEncoding = 4; lastKnownFileType = text.css; path = rainbow.css; sourceTree = "<group>"; };
		295971C221EDC51600BDF6BB /* highlight.pack.js */ = {isa = PBXFileReference; fileEncoding = 4; lastKnownFileType = sourcecode.javascript; path = highlight.pack.js; sourceTree = "<group>"; };
		2959722021EDCCB900BDF6BB /* index.js */ = {isa = PBXFileReference; fileEncoding = 4; lastKnownFileType = sourcecode.javascript; path = index.js; sourceTree = "<group>"; };
		2959722221EDCDB100BDF6BB /* index.css */ = {isa = PBXFileReference; fileEncoding = 4; lastKnownFileType = text.css; path = index.css; sourceTree = "<group>"; };
		2959722821EDD2A700BDF6BB /* solarized-dark.css */ = {isa = PBXFileReference; fileEncoding = 4; lastKnownFileType = text.css; path = "solarized-dark.css"; sourceTree = "<group>"; };
		2959722A21EE587700BDF6BB /* Convenience.swift */ = {isa = PBXFileReference; lastKnownFileType = sourcecode.swift; path = Convenience.swift; sourceTree = "<group>"; };
		2959722C21EE680300BDF6BB /* SplitCodeViewController.swift */ = {isa = PBXFileReference; lastKnownFileType = sourcecode.swift; path = SplitCodeViewController.swift; sourceTree = "<group>"; };
/* End PBXFileReference section */

/* Begin PBXFrameworksBuildPhase section */
		2959714621EDBB2F00BDF6BB /* Frameworks */ = {
			isa = PBXFrameworksBuildPhase;
			buildActionMask = 2147483647;
			files = (
			);
			runOnlyForDeploymentPostprocessing = 0;
		};
/* End PBXFrameworksBuildPhase section */

/* Begin PBXGroup section */
		2959714021EDBB2F00BDF6BB = {
			isa = PBXGroup;
			children = (
				2959714B21EDBB2F00BDF6BB /* codereview */,
				2959714A21EDBB2F00BDF6BB /* Products */,
			);
			sourceTree = "<group>";
		};
		2959714A21EDBB2F00BDF6BB /* Products */ = {
			isa = PBXGroup;
			children = (
				2959714921EDBB2F00BDF6BB /* codereview.app */,
			);
			name = Products;
			sourceTree = "<group>";
		};
		2959714B21EDBB2F00BDF6BB /* codereview */ = {
			isa = PBXGroup;
			children = (
				2959715E21EDC20200BDF6BB /* Web */,
				2959714C21EDBB2F00BDF6BB /* AppDelegate.swift */,
				2959714E21EDBB2F00BDF6BB /* CodeViewController.swift */,
				2959722C21EE680300BDF6BB /* SplitCodeViewController.swift */,
				2959722A21EE587700BDF6BB /* Convenience.swift */,
				2959715021EDBB2F00BDF6BB /* Main.storyboard */,
				2959715321EDBB3000BDF6BB /* Assets.xcassets */,
				2959715521EDBB3000BDF6BB /* LaunchScreen.storyboard */,
				2959715821EDBB3000BDF6BB /* Info.plist */,
			);
			path = codereview;
			sourceTree = "<group>";
		};
		2959715E21EDC20200BDF6BB /* Web */ = {
			isa = PBXGroup;
			children = (
				2959722221EDCDB100BDF6BB /* index.css */,
				2959722021EDCCB900BDF6BB /* index.js */,
				295971C221EDC51600BDF6BB /* highlight.pack.js */,
				2959715F21EDC21900BDF6BB /* index.html */,
				2959722721EDD23A00BDF6BB /* styles */,
			);
			path = Web;
			sourceTree = "<group>";
		};
		2959722721EDD23A00BDF6BB /* styles */ = {
			isa = PBXGroup;
			children = (
				2959717E21EDC51600BDF6BB /* color-brewer.css */,
				2959718921EDC51600BDF6BB /* darcula.css */,
				295971A121EDC51600BDF6BB /* default.css */,
				2959716F21EDC51600BDF6BB /* github.css */,
				2959717021EDC51600BDF6BB /* grayscale.css */,
				2959719221EDC51600BDF6BB /* idea.css */,
				2959717D21EDC51600BDF6BB /* nord.css */,
				2959719E21EDC51600BDF6BB /* ocean.css */,
				295971AD21EDC51600BDF6BB /* rainbow.css */,
				2959722821EDD2A700BDF6BB /* solarized-dark.css */,
				2959719121EDC51600BDF6BB /* solarized-light.css */,
				2959718621EDC51600BDF6BB /* xcode.css */,
			);
			name = styles;
			sourceTree = "<group>";
		};
/* End PBXGroup section */

/* Begin PBXNativeTarget section */
		2959714821EDBB2F00BDF6BB /* codereview */ = {
			isa = PBXNativeTarget;
			buildConfigurationList = 2959715B21EDBB3000BDF6BB /* Build configuration list for PBXNativeTarget "codereview" */;
			buildPhases = (
				2959714521EDBB2F00BDF6BB /* Sources */,
				2959714621EDBB2F00BDF6BB /* Frameworks */,
				2959714721EDBB2F00BDF6BB /* Resources */,
			);
			buildRules = (
			);
			dependencies = (
			);
			name = codereview;
			productName = codereview;
			productReference = 2959714921EDBB2F00BDF6BB /* codereview.app */;
			productType = "com.apple.product-type.application";
		};
/* End PBXNativeTarget section */

/* Begin PBXProject section */
		2959714121EDBB2F00BDF6BB /* Project object */ = {
			isa = PBXProject;
			attributes = {
				LastSwiftUpdateCheck = 1010;
				LastUpgradeCheck = 1010;
				ORGANIZATIONNAME = "Noah Kim";
				TargetAttributes = {
					2959714821EDBB2F00BDF6BB = {
						CreatedOnToolsVersion = 10.1;
					};
				};
			};
			buildConfigurationList = 2959714421EDBB2F00BDF6BB /* Build configuration list for PBXProject "codereview" */;
			compatibilityVersion = "Xcode 9.3";
			developmentRegion = en;
			hasScannedForEncodings = 0;
			knownRegions = (
				en,
				Base,
			);
			mainGroup = 2959714021EDBB2F00BDF6BB;
			productRefGroup = 2959714A21EDBB2F00BDF6BB /* Products */;
			projectDirPath = "";
			projectRoot = "";
			targets = (
				2959714821EDBB2F00BDF6BB /* codereview */,
			);
		};
/* End PBXProject section */

/* Begin PBXResourcesBuildPhase section */
		2959714721EDBB2F00BDF6BB /* Resources */ = {
			isa = PBXResourcesBuildPhase;
			buildActionMask = 2147483647;
			files = (
				295971E621EDC51600BDF6BB /* darcula.css in Resources */,
				295971EE21EDC51600BDF6BB /* solarized-light.css in Resources */,
				295971DA21EDC51600BDF6BB /* nord.css in Resources */,
				2959722921EDD2A700BDF6BB /* solarized-dark.css in Resources */,
				2959715721EDBB3000BDF6BB /* LaunchScreen.storyboard in Resources */,
				295971EF21EDC51600BDF6BB /* idea.css in Resources */,
				2959722321EDCDB100BDF6BB /* index.css in Resources */,
				2959721F21EDC51600BDF6BB /* highlight.pack.js in Resources */,
				2959716021EDC21900BDF6BB /* index.html in Resources */,
				295971FE21EDC51600BDF6BB /* default.css in Resources */,
				295971CC21EDC51600BDF6BB /* github.css in Resources */,
				295971CD21EDC51600BDF6BB /* grayscale.css in Resources */,
				2959715421EDBB3000BDF6BB /* Assets.xcassets in Resources */,
				2959720A21EDC51600BDF6BB /* rainbow.css in Resources */,
				2959722121EDCCB900BDF6BB /* index.js in Resources */,
				2959715221EDBB2F00BDF6BB /* Main.storyboard in Resources */,
				295971FB21EDC51600BDF6BB /* ocean.css in Resources */,
				295971E321EDC51600BDF6BB /* xcode.css in Resources */,
				295971DB21EDC51600BDF6BB /* color-brewer.css in Resources */,
			);
			runOnlyForDeploymentPostprocessing = 0;
		};
/* End PBXResourcesBuildPhase section */

/* Begin PBXSourcesBuildPhase section */
		2959714521EDBB2F00BDF6BB /* Sources */ = {
			isa = PBXSourcesBuildPhase;
			buildActionMask = 2147483647;
			files = (
				2959714F21EDBB2F00BDF6BB /* CodeViewController.swift in Sources */,
				2959722B21EE587700BDF6BB /* Convenience.swift in Sources */,
				2959722D21EE680300BDF6BB /* SplitCodeViewController.swift in Sources */,
				2959714D21EDBB2F00BDF6BB /* AppDelegate.swift in Sources */,
			);
			runOnlyForDeploymentPostprocessing = 0;
		};
/* End PBXSourcesBuildPhase section */

/* Begin PBXVariantGroup section */
		2959715021EDBB2F00BDF6BB /* Main.storyboard */ = {
			isa = PBXVariantGroup;
			children = (
				2959715121EDBB2F00BDF6BB /* Base */,
			);
			name = Main.storyboard;
			sourceTree = "<group>";
		};
		2959715521EDBB3000BDF6BB /* LaunchScreen.storyboard */ = {
			isa = PBXVariantGroup;
			children = (
				2959715621EDBB3000BDF6BB /* Base */,
			);
			name = LaunchScreen.storyboard;
			sourceTree = "<group>";
		};
/* End PBXVariantGroup section */

/* Begin XCBuildConfiguration section */
		2959715921EDBB3000BDF6BB /* Debug */ = {
			isa = XCBuildConfiguration;
			buildSettings = {
				ALWAYS_SEARCH_USER_PATHS = NO;
				CLANG_ANALYZER_NONNULL = YES;
				CLANG_ANALYZER_NUMBER_OBJECT_CONVERSION = YES_AGGRESSIVE;
				CLANG_CXX_LANGUAGE_STANDARD = "gnu++14";
				CLANG_CXX_LIBRARY = "libc++";
				CLANG_ENABLE_MODULES = YES;
				CLANG_ENABLE_OBJC_ARC = YES;
				CLANG_ENABLE_OBJC_WEAK = YES;
				CLANG_WARN_BLOCK_CAPTURE_AUTORELEASING = YES;
				CLANG_WARN_BOOL_CONVERSION = YES;
				CLANG_WARN_COMMA = YES;
				CLANG_WARN_CONSTANT_CONVERSION = YES;
				CLANG_WARN_DEPRECATED_OBJC_IMPLEMENTATIONS = YES;
				CLANG_WARN_DIRECT_OBJC_ISA_USAGE = YES_ERROR;
				CLANG_WARN_DOCUMENTATION_COMMENTS = YES;
				CLANG_WARN_EMPTY_BODY = YES;
				CLANG_WARN_ENUM_CONVERSION = YES;
				CLANG_WARN_INFINITE_RECURSION = YES;
				CLANG_WARN_INT_CONVERSION = YES;
				CLANG_WARN_NON_LITERAL_NULL_CONVERSION = YES;
				CLANG_WARN_OBJC_IMPLICIT_RETAIN_SELF = YES;
				CLANG_WARN_OBJC_LITERAL_CONVERSION = YES;
				CLANG_WARN_OBJC_ROOT_CLASS = YES_ERROR;
				CLANG_WARN_RANGE_LOOP_ANALYSIS = YES;
				CLANG_WARN_STRICT_PROTOTYPES = YES;
				CLANG_WARN_SUSPICIOUS_MOVE = YES;
				CLANG_WARN_UNGUARDED_AVAILABILITY = YES_AGGRESSIVE;
				CLANG_WARN_UNREACHABLE_CODE = YES;
				CLANG_WARN__DUPLICATE_METHOD_MATCH = YES;
				CODE_SIGN_IDENTITY = "iPhone Developer";
				COPY_PHASE_STRIP = NO;
				DEBUG_INFORMATION_FORMAT = dwarf;
				ENABLE_STRICT_OBJC_MSGSEND = YES;
				ENABLE_TESTABILITY = YES;
				GCC_C_LANGUAGE_STANDARD = gnu11;
				GCC_DYNAMIC_NO_PIC = NO;
				GCC_NO_COMMON_BLOCKS = YES;
				GCC_OPTIMIZATION_LEVEL = 0;
				GCC_PREPROCESSOR_DEFINITIONS = (
					"DEBUG=1",
					"$(inherited)",
				);
				GCC_WARN_64_TO_32_BIT_CONVERSION = YES;
				GCC_WARN_ABOUT_RETURN_TYPE = YES_ERROR;
				GCC_WARN_UNDECLARED_SELECTOR = YES;
				GCC_WARN_UNINITIALIZED_AUTOS = YES_AGGRESSIVE;
				GCC_WARN_UNUSED_FUNCTION = YES;
				GCC_WARN_UNUSED_VARIABLE = YES;
				IPHONEOS_DEPLOYMENT_TARGET = 12.1;
				MTL_ENABLE_DEBUG_INFO = INCLUDE_SOURCE;
				MTL_FAST_MATH = YES;
				ONLY_ACTIVE_ARCH = YES;
				SDKROOT = iphoneos;
				SWIFT_ACTIVE_COMPILATION_CONDITIONS = DEBUG;
				SWIFT_OPTIMIZATION_LEVEL = "-Onone";
			};
			name = Debug;
		};
		2959715A21EDBB3000BDF6BB /* Release */ = {
			isa = XCBuildConfiguration;
			buildSettings = {
				ALWAYS_SEARCH_USER_PATHS = NO;
				CLANG_ANALYZER_NONNULL = YES;
				CLANG_ANALYZER_NUMBER_OBJECT_CONVERSION = YES_AGGRESSIVE;
				CLANG_CXX_LANGUAGE_STANDARD = "gnu++14";
				CLANG_CXX_LIBRARY = "libc++";
				CLANG_ENABLE_MODULES = YES;
				CLANG_ENABLE_OBJC_ARC = YES;
				CLANG_ENABLE_OBJC_WEAK = YES;
				CLANG_WARN_BLOCK_CAPTURE_AUTORELEASING = YES;
				CLANG_WARN_BOOL_CONVERSION = YES;
				CLANG_WARN_COMMA = YES;
				CLANG_WARN_CONSTANT_CONVERSION = YES;
				CLANG_WARN_DEPRECATED_OBJC_IMPLEMENTATIONS = YES;
				CLANG_WARN_DIRECT_OBJC_ISA_USAGE = YES_ERROR;
				CLANG_WARN_DOCUMENTATION_COMMENTS = YES;
				CLANG_WARN_EMPTY_BODY = YES;
				CLANG_WARN_ENUM_CONVERSION = YES;
				CLANG_WARN_INFINITE_RECURSION = YES;
				CLANG_WARN_INT_CONVERSION = YES;
				CLANG_WARN_NON_LITERAL_NULL_CONVERSION = YES;
				CLANG_WARN_OBJC_IMPLICIT_RETAIN_SELF = YES;
				CLANG_WARN_OBJC_LITERAL_CONVERSION = YES;
				CLANG_WARN_OBJC_ROOT_CLASS = YES_ERROR;
				CLANG_WARN_RANGE_LOOP_ANALYSIS = YES;
				CLANG_WARN_STRICT_PROTOTYPES = YES;
				CLANG_WARN_SUSPICIOUS_MOVE = YES;
				CLANG_WARN_UNGUARDED_AVAILABILITY = YES_AGGRESSIVE;
				CLANG_WARN_UNREACHABLE_CODE = YES;
				CLANG_WARN__DUPLICATE_METHOD_MATCH = YES;
				CODE_SIGN_IDENTITY = "iPhone Developer";
				COPY_PHASE_STRIP = NO;
				DEBUG_INFORMATION_FORMAT = "dwarf-with-dsym";
				ENABLE_NS_ASSERTIONS = NO;
				ENABLE_STRICT_OBJC_MSGSEND = YES;
				GCC_C_LANGUAGE_STANDARD = gnu11;
				GCC_NO_COMMON_BLOCKS = YES;
				GCC_WARN_64_TO_32_BIT_CONVERSION = YES;
				GCC_WARN_ABOUT_RETURN_TYPE = YES_ERROR;
				GCC_WARN_UNDECLARED_SELECTOR = YES;
				GCC_WARN_UNINITIALIZED_AUTOS = YES_AGGRESSIVE;
				GCC_WARN_UNUSED_FUNCTION = YES;
				GCC_WARN_UNUSED_VARIABLE = YES;
				IPHONEOS_DEPLOYMENT_TARGET = 12.1;
				MTL_ENABLE_DEBUG_INFO = NO;
				MTL_FAST_MATH = YES;
				SDKROOT = iphoneos;
				SWIFT_COMPILATION_MODE = wholemodule;
				SWIFT_OPTIMIZATION_LEVEL = "-O";
				VALIDATE_PRODUCT = YES;
			};
			name = Release;
		};
		2959715C21EDBB3000BDF6BB /* Debug */ = {
			isa = XCBuildConfiguration;
			buildSettings = {
				ASSETCATALOG_COMPILER_APPICON_NAME = AppIcon;
				CODE_SIGN_STYLE = Automatic;
				DEVELOPMENT_TEAM = VGF4YX87AR;
				INFOPLIST_FILE = codereview/Info.plist;
				LD_RUNPATH_SEARCH_PATHS = (
					"$(inherited)",
					"@executable_path/Frameworks",
				);
				PRODUCT_BUNDLE_IDENTIFIER = com.noahbkim.codereview;
				PRODUCT_NAME = "$(TARGET_NAME)";
				SWIFT_VERSION = 4.2;
				TARGETED_DEVICE_FAMILY = 2;
			};
			name = Debug;
		};
		2959715D21EDBB3000BDF6BB /* Release */ = {
			isa = XCBuildConfiguration;
			buildSettings = {
				ASSETCATALOG_COMPILER_APPICON_NAME = AppIcon;
				CODE_SIGN_STYLE = Automatic;
				DEVELOPMENT_TEAM = VGF4YX87AR;
				INFOPLIST_FILE = codereview/Info.plist;
				LD_RUNPATH_SEARCH_PATHS = (
					"$(inherited)",
					"@executable_path/Frameworks",
				);
				PRODUCT_BUNDLE_IDENTIFIER = com.noahbkim.codereview;
				PRODUCT_NAME = "$(TARGET_NAME)";
				SWIFT_VERSION = 4.2;
				TARGETED_DEVICE_FAMILY = 2;
			};
			name = Release;
		};
/* End XCBuildConfiguration section */

/* Begin XCConfigurationList section */
		2959714421EDBB2F00BDF6BB /* Build configuration list for PBXProject "codereview" */ = {
			isa = XCConfigurationList;
			buildConfigurations = (
				2959715921EDBB3000BDF6BB /* Debug */,
				2959715A21EDBB3000BDF6BB /* Release */,
			);
			defaultConfigurationIsVisible = 0;
			defaultConfigurationName = Release;
		};
		2959715B21EDBB3000BDF6BB /* Build configuration list for PBXNativeTarget "codereview" */ = {
			isa = XCConfigurationList;
			buildConfigurations = (
				2959715C21EDBB3000BDF6BB /* Debug */,
				2959715D21EDBB3000BDF6BB /* Release */,
			);
			defaultConfigurationIsVisible = 0;
			defaultConfigurationName = Release;
		};
/* End XCConfigurationList section */
	};
	rootObject = 2959714121EDBB2F00BDF6BB /* Project object */;
}
